
Microsoft Visual Studio Solution File, Format Version 12.00
# Visual Studio Version 16
VisualStudioVersion = 16.0.31702.278
MinimumVisualStudioVersion = 10.0.40219.1
Project("{FAE04EC0-301F-11D3-BF4B-00C04F79EFBC}") = "PersonLibrary", "PersonLibrary\PersonLibrary.csproj", "{05B9F2CF-5B6F-4062-9DD4-F71A6952B2C4}"
EndProject
Project("{FAE04EC0-301F-11D3-BF4B-00C04F79EFBC}") = "MVVM.Base", "MVVM.Base\MVVM.Base.csproj", "{C55EBE01-133D-4EF3-A7FF-A76C1D5DD506}"
EndProject
Global
	GlobalSection(SolutionConfigurationPlatforms) = preSolution
		Debug|Any CPU = Debug|Any CPU
		Release|Any CPU = Release|Any CPU
	EndGlobalSection
	GlobalSection(ProjectConfigurationPlatforms) = postSolution
		{05B9F2CF-5B6F-4062-9DD4-F71A6952B2C4}.Debug|Any CPU.ActiveCfg = Debug|Any CPU
		{05B9F2CF-5B6F-4062-9DD4-F71A6952B2C4}.Debug|Any CPU.Build.0 = Debug|Any CPU
		{05B9F2CF-5B6F-4062-9DD4-F71A6952B2C4}.Release|Any CPU.ActiveCfg = Release|Any CPU
		{05B9F2CF-5B6F-4062-9DD4-F71A6952B2C4}.Release|Any CPU.Build.0 = Release|Any CPU
		{C55EBE01-133D-4EF3-A7FF-A76C1D5DD506}.Debug|Any CPU.ActiveCfg = Debug|Any CPU
		{C55EBE01-133D-4EF3-A7FF-A76C1D5DD506}.Debug|Any CPU.Build.0 = Debug|Any CPU
		{C55EBE01-133D-4EF3-A7FF-A76C1D5DD506}.Release|Any CPU.ActiveCfg = Release|Any CPU
		{C55EBE01-133D-4EF3-A7FF-A76C1D5DD506}.Release|Any CPU.Build.0 = Release|Any CPU
	EndGlobalSection
	GlobalSection(SolutionProperties) = preSolution
		HideSolutionNode = FALSE
	EndGlobalSection
	GlobalSection(ExtensibilityGlobals) = postSolution
		SolutionGuid = {0ACA060E-429E-4AA6-8C37-30F3AB18BA66}
	EndGlobalSection
EndGlobal
